
Microsoft Visual Studio Solution File, Format Version 12.00
# Visual Studio 15
VisualStudioVersion = 15.0.26430.12
MinimumVisualStudioVersion = 10.0.40219.1
Project("{FAE04EC0-301F-11D3-BF4B-00C04F79EFBC}") = "WB.Api", "Api\WB.Api.csproj", "{C791A7B0-E392-4C2D-BD79-1384D9D277FF}"
EndProject
Project("{FAE04EC0-301F-11D3-BF4B-00C04F79EFBC}") = "WB.BusinessClasses", "BusinessClasses\WB.BusinessClasses.csproj", "{0E369E24-40D8-416B-BF05-D4C6BCECF095}"
EndProject
Project("{2150E333-8FDC-42A3-9474-1A3956D46DE8}") = "Domain", "Domain", "{54C4D3AD-BA45-423E-999C-5154BA055D5E}"
EndProject
Project("{FAE04EC0-301F-11D3-BF4B-00C04F79EFBC}") = "WB.Entity", "Entity\WB.Entity.csproj", "{6FDBEDFF-A967-4E74-BFD2-E6980A865D31}"
EndProject
Project("{2150E333-8FDC-42A3-9474-1A3956D46DE8}") = "Infrastructure", "Infrastructure", "{E7C821D9-95EC-403F-A063-81354B19F963}"
EndProject
Project("{2150E333-8FDC-42A3-9474-1A3956D46DE8}") = "Application", "Application", "{BE4AAA74-DA0E-4571-A2DC-624687DB9577}"
EndProject
Project("{2150E333-8FDC-42A3-9474-1A3956D46DE8}") = "Web", "Web", "{14DCA2E4-C397-460C-93A9-CD03EE7B0DF5}"
EndProject
Project("{FAE04EC0-301F-11D3-BF4B-00C04F79EFBC}") = "LEON.BusinessClasses", "LEON.BusinessClassesCommon\LEON.BusinessClasses.csproj", "{0E3A5DD0-7F16-4C83-A02C-5AB4A04B32D5}"
EndProject
Project("{FAE04EC0-301F-11D3-BF4B-00C04F79EFBC}") = "LEON.Entity", "LEON.Entity\LEON.Entity.csproj", "{6EF7E280-C4EE-4D60-AF31-DDE6EC1C808D}"
EndProject
Project("{FAE04EC0-301F-11D3-BF4B-00C04F79EFBC}") = "LEON.Infrastructure", "LEON.Infrastructure\LEON.Infrastructure.csproj", "{0F0A9ACC-5F76-4A61-814A-1766AA5FC050}"
EndProject
Project("{FAE04EC0-301F-11D3-BF4B-00C04F79EFBC}") = "LEON.Common", "LEON.Common\LEON.Common.csproj", "{1B5AE00E-C944-44D2-BABE-854BD88A0247}"
EndProject
Global
	GlobalSection(SolutionConfigurationPlatforms) = preSolution
		Debug|Any CPU = Debug|Any CPU
		Release|Any CPU = Release|Any CPU
	EndGlobalSection
	GlobalSection(ProjectConfigurationPlatforms) = postSolution
		{C791A7B0-E392-4C2D-BD79-1384D9D277FF}.Debug|Any CPU.ActiveCfg = Debug|Any CPU
		{C791A7B0-E392-4C2D-BD79-1384D9D277FF}.Debug|Any CPU.Build.0 = Debug|Any CPU
		{C791A7B0-E392-4C2D-BD79-1384D9D277FF}.Release|Any CPU.ActiveCfg = Release|Any CPU
		{C791A7B0-E392-4C2D-BD79-1384D9D277FF}.Release|Any CPU.Build.0 = Release|Any CPU
		{0E369E24-40D8-416B-BF05-D4C6BCECF095}.Debug|Any CPU.ActiveCfg = Debug|Any CPU
		{0E369E24-40D8-416B-BF05-D4C6BCECF095}.Debug|Any CPU.Build.0 = Debug|Any CPU
		{0E369E24-40D8-416B-BF05-D4C6BCECF095}.Release|Any CPU.ActiveCfg = Release|Any CPU
		{0E369E24-40D8-416B-BF05-D4C6BCECF095}.Release|Any CPU.Build.0 = Release|Any CPU
		{6FDBEDFF-A967-4E74-BFD2-E6980A865D31}.Debug|Any CPU.ActiveCfg = Debug|Any CPU
		{6FDBEDFF-A967-4E74-BFD2-E6980A865D31}.Debug|Any CPU.Build.0 = Debug|Any CPU
		{6FDBEDFF-A967-4E74-BFD2-E6980A865D31}.Release|Any CPU.ActiveCfg = Release|Any CPU
		{6FDBEDFF-A967-4E74-BFD2-E6980A865D31}.Release|Any CPU.Build.0 = Release|Any CPU
		{0E3A5DD0-7F16-4C83-A02C-5AB4A04B32D5}.Debug|Any CPU.ActiveCfg = Debug|Any CPU
		{0E3A5DD0-7F16-4C83-A02C-5AB4A04B32D5}.Debug|Any CPU.Build.0 = Debug|Any CPU
		{0E3A5DD0-7F16-4C83-A02C-5AB4A04B32D5}.Release|Any CPU.ActiveCfg = Release|Any CPU
		{0E3A5DD0-7F16-4C83-A02C-5AB4A04B32D5}.Release|Any CPU.Build.0 = Release|Any CPU
		{6EF7E280-C4EE-4D60-AF31-DDE6EC1C808D}.Debug|Any CPU.ActiveCfg = Debug|Any CPU
		{6EF7E280-C4EE-4D60-AF31-DDE6EC1C808D}.Debug|Any CPU.Build.0 = Debug|Any CPU
		{6EF7E280-C4EE-4D60-AF31-DDE6EC1C808D}.Release|Any CPU.ActiveCfg = Release|Any CPU
		{6EF7E280-C4EE-4D60-AF31-DDE6EC1C808D}.Release|Any CPU.Build.0 = Release|Any CPU
		{0F0A9ACC-5F76-4A61-814A-1766AA5FC050}.Debug|Any CPU.ActiveCfg = Debug|Any CPU
		{0F0A9ACC-5F76-4A61-814A-1766AA5FC050}.Debug|Any CPU.Build.0 = Debug|Any CPU
		{0F0A9ACC-5F76-4A61-814A-1766AA5FC050}.Release|Any CPU.ActiveCfg = Release|Any CPU
		{0F0A9ACC-5F76-4A61-814A-1766AA5FC050}.Release|Any CPU.Build.0 = Release|Any CPU
		{1B5AE00E-C944-44D2-BABE-854BD88A0247}.Debug|Any CPU.ActiveCfg = Debug|Any CPU
		{1B5AE00E-C944-44D2-BABE-854BD88A0247}.Debug|Any CPU.Build.0 = Debug|Any CPU
		{1B5AE00E-C944-44D2-BABE-854BD88A0247}.Release|Any CPU.ActiveCfg = Release|Any CPU
		{1B5AE00E-C944-44D2-BABE-854BD88A0247}.Release|Any CPU.Build.0 = Release|Any CPU
	EndGlobalSection
	GlobalSection(SolutionProperties) = preSolution
		HideSolutionNode = FALSE
	EndGlobalSection
	GlobalSection(NestedProjects) = preSolution
		{C791A7B0-E392-4C2D-BD79-1384D9D277FF} = {14DCA2E4-C397-460C-93A9-CD03EE7B0DF5}
		{0E369E24-40D8-416B-BF05-D4C6BCECF095} = {54C4D3AD-BA45-423E-999C-5154BA055D5E}
		{6FDBEDFF-A967-4E74-BFD2-E6980A865D31} = {54C4D3AD-BA45-423E-999C-5154BA055D5E}
		{0E3A5DD0-7F16-4C83-A02C-5AB4A04B32D5} = {54C4D3AD-BA45-423E-999C-5154BA055D5E}
		{6EF7E280-C4EE-4D60-AF31-DDE6EC1C808D} = {54C4D3AD-BA45-423E-999C-5154BA055D5E}
		{0F0A9ACC-5F76-4A61-814A-1766AA5FC050} = {E7C821D9-95EC-403F-A063-81354B19F963}
		{1B5AE00E-C944-44D2-BABE-854BD88A0247} = {54C4D3AD-BA45-423E-999C-5154BA055D5E}
	EndGlobalSection
EndGlobal
